github.com/simonheimlicher/claris-resources v0.0.0-20251231121443-71b511fad95e h1:WVvUF5gv28AY/C6USJCB6W3HYL18vnbe3m8yXh6ecUg=
github.com/simonheimlicher/claris-resources v0.0.0-20251231121443-71b511fad95e/go.mod h1:+SFxYUvAEqmdSuD+sYmA3HJ+2LPXZq+WIYx9JYle6bM=
github.com/simonheimlicher/hugo-claris v0.0.0-20251231122039-66786d1338d4 h1:+DNpKkywU0V2l435VcSr3zKwpMyWJJkjX9leL5ytSVY=
github.com/simonheimlicher/hugo-claris v0.0.0-20251231122039-66786d1338d4/go.mod h1:eI+c0RDwSysi/S05FErHTp+c2ywH7VE28+Wf+3J3V7w=
