github.com/simonheimlicher/claris-resources v0.0.0-20251231121443-71b511fad95e h1:WVvUF5gv28AY/C6USJCB6W3HYL18vnbe3m8yXh6ecUg=
github.com/simonheimlicher/claris-resources v0.0.0-20251231121443-71b511fad95e/go.mod h1:+SFxYUvAEqmdSuD+sYmA3HJ+2LPXZq+WIYx9JYle6bM=
github.com/simonheimlicher/hugo-claris v0.0.0-20251231121742-beb764b98e31 h1:L6hahgxijuBdDTKWu+Por/e5NjcphIvmnAKk/PF5CvA=
github.com/simonheimlicher/hugo-claris v0.0.0-20251231121742-beb764b98e31/go.mod h1:eI+c0RDwSysi/S05FErHTp+c2ywH7VE28+Wf+3J3V7w=
