github.com/simonheimlicher/claris-resources v0.0.0-20240130105655-a9f9b8eee809 h1:R47XGep3fZGYDdhIIcpsNqUpn70M0BjxFShk5dTO76o=
github.com/simonheimlicher/claris-resources v0.0.0-20240130105655-a9f9b8eee809/go.mod h1:fTsqjCD6od8sEyDl5akBH5YZhO6uQJzJX3HpPbmcHwY=
github.com/simonheimlicher/claris-resources v0.0.0-20240209151206-1fa3fcc830cf h1:MMq3rMKhBeAevwDnsAakmGwWIrMITywBFTyz9pmy9sA=
github.com/simonheimlicher/claris-resources v0.0.0-20240209151206-1fa3fcc830cf/go.mod h1:fTsqjCD6od8sEyDl5akBH5YZhO6uQJzJX3HpPbmcHwY=
github.com/simonheimlicher/claris-resources v0.0.0-20240224105320-5fed88f46b3b h1:AqJSdgtFaUVcP0hM6HmeND31bsObY52ieY86Dxg5tC0=
github.com/simonheimlicher/claris-resources v0.0.0-20240224105320-5fed88f46b3b/go.mod h1:fTsqjCD6od8sEyDl5akBH5YZhO6uQJzJX3HpPbmcHwY=
github.com/simonheimlicher/claris-resources v0.0.0-20240224180304-6e96eb1e0463 h1:v6w/WT9VGHz0cxbWUv1/vrwQBKXnLhGGiC10qR8g7oI=
github.com/simonheimlicher/claris-resources v0.0.0-20240224180304-6e96eb1e0463/go.mod h1:fTsqjCD6od8sEyDl5akBH5YZhO6uQJzJX3HpPbmcHwY=
github.com/simonheimlicher/claris-resources v0.0.0-20240505124848-a527345b7de9 h1:C36mtud2D5iTyH/C9yBTjNoT0EdMNSg8O9qaejZuhV8=
github.com/simonheimlicher/claris-resources v0.0.0-20240505124848-a527345b7de9/go.mod h1:fTsqjCD6od8sEyDl5akBH5YZhO6uQJzJX3HpPbmcHwY=
github.com/simonheimlicher/hugo-claris v0.0.0-20230505130816-3e7f2cc6924a h1:aw5vcVipuvpEzPDJenmXiS3e0pvdpMTlWy6/t92fAds=
github.com/simonheimlicher/hugo-claris v0.0.0-20230505130816-3e7f2cc6924a/go.mod h1:dH3C/ovgfEs2ilKDJYM4ffpZv4QCO/QcYyt2XbkaumA=
github.com/simonheimlicher/hugo-claris v0.0.0-20230505150106-22544deeb442 h1:Mf1NSY66upkhqneQ81iExFZwBOtPMTEhKue0it6GezY=
github.com/simonheimlicher/hugo-claris v0.0.0-20230505150106-22544deeb442/go.mod h1:tMV+kZlVSu714eEZbnRH6wCthEwgAv5X1V2Bimo8MAM=
github.com/simonheimlicher/hugo-claris v0.0.0-20230505170402-ab6c53f970ba h1:Mc1SEJTg94gGG12ruaGwcFngk9ex4xEKC9zyV8O42Rs=
github.com/simonheimlicher/hugo-claris v0.0.0-20230505170402-ab6c53f970ba/go.mod h1:tMV+kZlVSu714eEZbnRH6wCthEwgAv5X1V2Bimo8MAM=
github.com/simonheimlicher/hugo-claris v0.0.0-20230908074250-974b903ae999 h1:UV3wPz2i0JEonhApz2OncXZ5+vZqnsB/J1beLemtXvI=
github.com/simonheimlicher/hugo-claris v0.0.0-20230908074250-974b903ae999/go.mod h1:tMV+kZlVSu714eEZbnRH6wCthEwgAv5X1V2Bimo8MAM=
github.com/simonheimlicher/hugo-claris v0.0.0-20230908095357-15c7ac0093a4 h1:Rs026nlOd8VP5jrSm7OEEDx+QhrueQsfNccpaIFNbxY=
github.com/simonheimlicher/hugo-claris v0.0.0-20230908095357-15c7ac0093a4/go.mod h1:tMV+kZlVSu714eEZbnRH6wCthEwgAv5X1V2Bimo8MAM=
github.com/simonheimlicher/hugo-claris v0.0.0-20230911064337-55c733925257 h1:62wdhQIdGR8+g+kWpXv2n0PSJGJbezN0PYwdUYScd1k=
github.com/simonheimlicher/hugo-claris v0.0.0-20230911064337-55c733925257/go.mod h1:tMV+kZlVSu714eEZbnRH6wCthEwgAv5X1V2Bimo8MAM=
github.com/simonheimlicher/hugo-claris v0.0.0-20230911182745-935825f7b6e4 h1:8wYlzUH8DftvTQKEWz+0FGIH+rRDUfT/Eufdw25sYaA=
github.com/simonheimlicher/hugo-claris v0.0.0-20230911182745-935825f7b6e4/go.mod h1:tMV+kZlVSu714eEZbnRH6wCthEwgAv5X1V2Bimo8MAM=
github.com/simonheimlicher/hugo-claris v0.0.0-20230911192446-bc720a336088 h1:Hc47j0NtBYM3kTgpbHzZGBtAU8b3ohH67aFVQINkZEw=
github.com/simonheimlicher/hugo-claris v0.0.0-20230911192446-bc720a336088/go.mod h1:tMV+kZlVSu714eEZbnRH6wCthEwgAv5X1V2Bimo8MAM=
github.com/simonheimlicher/hugo-claris v0.0.0-20230911195024-70936fac91a2 h1:jgaMm04daTSHYQkfbZuV3t0d8Y/AE3zL3h8mDqOw9xk=
github.com/simonheimlicher/hugo-claris v0.0.0-20230911195024-70936fac91a2/go.mod h1:tMV+kZlVSu714eEZbnRH6wCthEwgAv5X1V2Bimo8MAM=
github.com/simonheimlicher/hugo-claris v0.0.0-20230911223421-8d8f9f21f34c h1:mVIT7+OXg2/YaUi68MNC4tqEE6NfNaEZj3YYwHliSVA=
github.com/simonheimlicher/hugo-claris v0.0.0-20230911223421-8d8f9f21f34c/go.mod h1:tMV+kZlVSu714eEZbnRH6wCthEwgAv5X1V2Bimo8MAM=
github.com/simonheimlicher/hugo-claris v0.0.0-20230911225525-87bbb3095a9b h1:iJYindWiZ160VLN83K/gp85FMYd8F147QdN67tZN7cI=
github.com/simonheimlicher/hugo-claris v0.0.0-20230911225525-87bbb3095a9b/go.mod h1:tMV+kZlVSu714eEZbnRH6wCthEwgAv5X1V2Bimo8MAM=
github.com/simonheimlicher/hugo-claris v0.0.0-20230912084805-5aca4498c4c0 h1:dDG5cf1prJsDyLocJcPxu1wKS22PPnQ7Y0AL3uEtYpU=
github.com/simonheimlicher/hugo-claris v0.0.0-20230912084805-5aca4498c4c0/go.mod h1:tMV+kZlVSu714eEZbnRH6wCthEwgAv5X1V2Bimo8MAM=
github.com/simonheimlicher/hugo-claris v0.0.0-20230913121514-1ed93fc0e09c h1:P1hNo+6ONIAXUvHhS56ro/Pycodh8/2jjhkc6X8QUSU=
github.com/simonheimlicher/hugo-claris v0.0.0-20230913121514-1ed93fc0e09c/go.mod h1:tMV+kZlVSu714eEZbnRH6wCthEwgAv5X1V2Bimo8MAM=
github.com/simonheimlicher/hugo-claris v0.0.0-20240104141715-83065fed8164 h1:cYgictTSnakNWf6MCAfD7DHpAnN2e4rK+wO92hQtgig=
github.com/simonheimlicher/hugo-claris v0.0.0-20240104141715-83065fed8164/go.mod h1:tMV+kZlVSu714eEZbnRH6wCthEwgAv5X1V2Bimo8MAM=
github.com/simonheimlicher/hugo-claris v0.0.0-20240104161742-38d568fa4465 h1:9eU8ZgJzZGwj7SWmkF1MMSs+O5b/ei1O/4JLmV5K2hQ=
github.com/simonheimlicher/hugo-claris v0.0.0-20240104161742-38d568fa4465/go.mod h1:tMV+kZlVSu714eEZbnRH6wCthEwgAv5X1V2Bimo8MAM=
github.com/simonheimlicher/hugo-claris v0.0.0-20240104231637-13ce704e43ef h1:vac88v6lV5UaZAwt8ZJGwh4WYolYZRLz+aovKiniEZI=
github.com/simonheimlicher/hugo-claris v0.0.0-20240104231637-13ce704e43ef/go.mod h1:tMV+kZlVSu714eEZbnRH6wCthEwgAv5X1V2Bimo8MAM=
github.com/simonheimlicher/hugo-claris v0.0.0-20240105002446-8d8e90d61e9e h1:8gzAoorpRGUzKJxpa9QTrkwC9D3CIhLlz1+eWW08QFY=
github.com/simonheimlicher/hugo-claris v0.0.0-20240105002446-8d8e90d61e9e/go.mod h1:tMV+kZlVSu714eEZbnRH6wCthEwgAv5X1V2Bimo8MAM=
github.com/simonheimlicher/hugo-claris v0.0.0-20240105162600-e190ef02b53b h1:VtFTJkmTjb07wj7XMymSAaxjyjYXE3JBtvT7RjWh3s8=
github.com/simonheimlicher/hugo-claris v0.0.0-20240105162600-e190ef02b53b/go.mod h1:tMV+kZlVSu714eEZbnRH6wCthEwgAv5X1V2Bimo8MAM=
github.com/simonheimlicher/hugo-claris v0.0.0-20240105171334-ff1860716398 h1:xTP/7Cs+eVnQqI9Z8rCmYlxD2ABSaj53XAvUZRAolKk=
github.com/simonheimlicher/hugo-claris v0.0.0-20240105171334-ff1860716398/go.mod h1:tMV+kZlVSu714eEZbnRH6wCthEwgAv5X1V2Bimo8MAM=
github.com/simonheimlicher/hugo-claris v0.0.0-20240106141321-3cfbc63fe54f h1:JEkCFKd4affWw5xxlYahJCqmP5HXmlHIxZl+tFKC2S0=
github.com/simonheimlicher/hugo-claris v0.0.0-20240106141321-3cfbc63fe54f/go.mod h1:tMV+kZlVSu714eEZbnRH6wCthEwgAv5X1V2Bimo8MAM=
github.com/simonheimlicher/hugo-claris v0.0.0-20240106141839-f956364faab1 h1:WfqsQ67UUxOVKeKDNmGKCa/3sqbuzlTsWUfTGQMaiAE=
github.com/simonheimlicher/hugo-claris v0.0.0-20240106141839-f956364faab1/go.mod h1:tMV+kZlVSu714eEZbnRH6wCthEwgAv5X1V2Bimo8MAM=
github.com/simonheimlicher/hugo-claris v0.0.0-20240107112521-a6db6a8ae080 h1:xkNxjgDrEzshNkA1JHc32AU0Ix8BsqxNnujcXWHZbPk=
github.com/simonheimlicher/hugo-claris v0.0.0-20240107112521-a6db6a8ae080/go.mod h1:tMV+kZlVSu714eEZbnRH6wCthEwgAv5X1V2Bimo8MAM=
github.com/simonheimlicher/hugo-claris v0.0.0-20240107114208-3619b506ab1b h1:3nLchP4Q/83PpYTWNfbx+C+3Euy+ZG4Wgq+eJuZf3ao=
github.com/simonheimlicher/hugo-claris v0.0.0-20240107114208-3619b506ab1b/go.mod h1:tMV+kZlVSu714eEZbnRH6wCthEwgAv5X1V2Bimo8MAM=
github.com/simonheimlicher/hugo-claris v0.0.0-20240108174722-2869b96ba092 h1:/6snRswSpEidetUpA6E5OFRrCK4JoD9HYTEdluoazc4=
github.com/simonheimlicher/hugo-claris v0.0.0-20240108174722-2869b96ba092/go.mod h1:tMV+kZlVSu714eEZbnRH6wCthEwgAv5X1V2Bimo8MAM=
github.com/simonheimlicher/hugo-claris v0.0.0-20240109022116-23d0e3d16f22 h1:xiMj7SggtBwollBFORoR2f1PBaQTxiAIQ6d1TbeHIFc=
github.com/simonheimlicher/hugo-claris v0.0.0-20240109022116-23d0e3d16f22/go.mod h1:tMV+kZlVSu714eEZbnRH6wCthEwgAv5X1V2Bimo8MAM=
github.com/simonheimlicher/hugo-claris v0.0.0-20240110230051-7d378f5747b6 h1:tIswGbotqHD2GS2tMGPQdkH3g0VsyzJnEXLQAm3XyFc=
github.com/simonheimlicher/hugo-claris v0.0.0-20240110230051-7d378f5747b6/go.mod h1:tMV+kZlVSu714eEZbnRH6wCthEwgAv5X1V2Bimo8MAM=
github.com/simonheimlicher/hugo-claris v0.0.0-20240110235619-76dd9c65a10a h1:yZY/97HwdgKhmG7lZ8GyxCl1kqNjHkzOqCLzfIFde/A=
github.com/simonheimlicher/hugo-claris v0.0.0-20240110235619-76dd9c65a10a/go.mod h1:tMV+kZlVSu714eEZbnRH6wCthEwgAv5X1V2Bimo8MAM=
github.com/simonheimlicher/hugo-claris v0.0.0-20240111144726-31a2617a0567 h1:hd8bkbrTu22gD3bH+O97d8FJgDxJg8VENmEPUezmbLs=
github.com/simonheimlicher/hugo-claris v0.0.0-20240111144726-31a2617a0567/go.mod h1:tMV+kZlVSu714eEZbnRH6wCthEwgAv5X1V2Bimo8MAM=
github.com/simonheimlicher/hugo-claris v0.0.0-20240116074952-55fbabae471a h1:lvMjpS3pFjo4LwtnedUjcAixmZCvPkM6tnE8JJdBbw0=
github.com/simonheimlicher/hugo-claris v0.0.0-20240116074952-55fbabae471a/go.mod h1:tMV+kZlVSu714eEZbnRH6wCthEwgAv5X1V2Bimo8MAM=
github.com/simonheimlicher/hugo-claris v0.0.0-20240116162505-b3c520c084c4 h1:y+mzgLq3U7mvet/9DKJ5qH18DCpGpH4IPnqYDpUBfYs=
github.com/simonheimlicher/hugo-claris v0.0.0-20240116162505-b3c520c084c4/go.mod h1:tMV+kZlVSu714eEZbnRH6wCthEwgAv5X1V2Bimo8MAM=
github.com/simonheimlicher/hugo-claris v0.0.0-20240117111602-1c7a8b2dbc90 h1:mDmqizpGJt2RJ3Hw+hpCR6JOhe7h2/xFS6DnR0JHyGk=
github.com/simonheimlicher/hugo-claris v0.0.0-20240117111602-1c7a8b2dbc90/go.mod h1:tMV+kZlVSu714eEZbnRH6wCthEwgAv5X1V2Bimo8MAM=
github.com/simonheimlicher/hugo-claris v0.0.0-20240117185113-09de721ddad1 h1:FPwpcdWWVB1U8k1GExR+0NffZEjUG591FxOsT0kcayk=
github.com/simonheimlicher/hugo-claris v0.0.0-20240117185113-09de721ddad1/go.mod h1:tMV+kZlVSu714eEZbnRH6wCthEwgAv5X1V2Bimo8MAM=
github.com/simonheimlicher/hugo-claris v0.0.0-20240117225517-b8049cdfaf4c h1:1qKMC+CmuVuI8x5mnurFNd+4+4AoPMPSHGgfcDCHzOY=
github.com/simonheimlicher/hugo-claris v0.0.0-20240117225517-b8049cdfaf4c/go.mod h1:tMV+kZlVSu714eEZbnRH6wCthEwgAv5X1V2Bimo8MAM=
github.com/simonheimlicher/hugo-claris v0.0.0-20240117235057-0f1d9c80e200 h1:Cv8UqJIKGl9WILrS0sThlp5rKyZB4EQeEMwana4dC6I=
github.com/simonheimlicher/hugo-claris v0.0.0-20240117235057-0f1d9c80e200/go.mod h1:tMV+kZlVSu714eEZbnRH6wCthEwgAv5X1V2Bimo8MAM=
github.com/simonheimlicher/hugo-claris v0.0.0-20240118001922-3e4b4c693072 h1:si6bJuzcOzu/vReHIHuqZDLq4Nq7u5/1avCoQam7/BI=
github.com/simonheimlicher/hugo-claris v0.0.0-20240118001922-3e4b4c693072/go.mod h1:tMV+kZlVSu714eEZbnRH6wCthEwgAv5X1V2Bimo8MAM=
github.com/simonheimlicher/hugo-claris v0.0.0-20240118155349-b4d7bcf337ed h1:EzIA43rtl4RX/K9qjQ7RKt9qz0sjeCXYUlQsJsGsq5Q=
github.com/simonheimlicher/hugo-claris v0.0.0-20240118155349-b4d7bcf337ed/go.mod h1:tMV+kZlVSu714eEZbnRH6wCthEwgAv5X1V2Bimo8MAM=
github.com/simonheimlicher/hugo-claris v0.0.0-20240119103209-253cce6e34c3 h1:HOd8H1InVarJ8r4R0+h+9BKT0XUbxpSu9iF8tkxYu7M=
github.com/simonheimlicher/hugo-claris v0.0.0-20240119103209-253cce6e34c3/go.mod h1:tMV+kZlVSu714eEZbnRH6wCthEwgAv5X1V2Bimo8MAM=
github.com/simonheimlicher/hugo-claris v0.0.0-20240119104040-98d58ca85096 h1:LbfIJm5vR9iPBT+YZ8Isa4jTdnlWXlidV/AaH31myik=
github.com/simonheimlicher/hugo-claris v0.0.0-20240119104040-98d58ca85096/go.mod h1:tMV+kZlVSu714eEZbnRH6wCthEwgAv5X1V2Bimo8MAM=
github.com/simonheimlicher/hugo-claris v0.0.0-20240119104212-c4807e5eef2a h1:uPfsKZQpXHB/cis6e4KblILmck2aRMxzTEj5EdxLh9M=
github.com/simonheimlicher/hugo-claris v0.0.0-20240119104212-c4807e5eef2a/go.mod h1:tMV+kZlVSu714eEZbnRH6wCthEwgAv5X1V2Bimo8MAM=
github.com/simonheimlicher/hugo-claris v0.0.0-20240120095613-f1d7274eec42 h1:BB2ZfPAcXVY7CsDVNiFse25CtVRdMSj6YqQOXeBQUTI=
github.com/simonheimlicher/hugo-claris v0.0.0-20240120095613-f1d7274eec42/go.mod h1:tMV+kZlVSu714eEZbnRH6wCthEwgAv5X1V2Bimo8MAM=
github.com/simonheimlicher/hugo-claris v0.0.0-20240120145807-9a8ca20cb02b h1:plislj67hvdYNyBS9Nan/yabVJhLAjpR25ZT2MvTfWE=
github.com/simonheimlicher/hugo-claris v0.0.0-20240120145807-9a8ca20cb02b/go.mod h1:tMV+kZlVSu714eEZbnRH6wCthEwgAv5X1V2Bimo8MAM=
github.com/simonheimlicher/hugo-claris v0.0.0-20240123142207-3cd1673cab76 h1:1a7NELD/P4HAw187t3FYoCgzXIj6BcBj7S1vkR45kYU=
github.com/simonheimlicher/hugo-claris v0.0.0-20240123142207-3cd1673cab76/go.mod h1:tMV+kZlVSu714eEZbnRH6wCthEwgAv5X1V2Bimo8MAM=
github.com/simonheimlicher/hugo-claris v0.0.0-20240123144538-d96291696472 h1:Ecq5nJCnxsMRzbAlrHji8/IpuFwIVAqwthDgMIlBP98=
github.com/simonheimlicher/hugo-claris v0.0.0-20240123144538-d96291696472/go.mod h1:tMV+kZlVSu714eEZbnRH6wCthEwgAv5X1V2Bimo8MAM=
github.com/simonheimlicher/hugo-claris v0.0.0-20240123180344-5a7c950f1d42 h1:DVXLErugRYkZGwLk3goVM4FYXv18UHFMqHZZiP0Uux8=
github.com/simonheimlicher/hugo-claris v0.0.0-20240123180344-5a7c950f1d42/go.mod h1:tMV+kZlVSu714eEZbnRH6wCthEwgAv5X1V2Bimo8MAM=
github.com/simonheimlicher/hugo-claris v0.0.0-20240123181615-2a16a66ec7d3 h1:J1In2OX/Fekd8c7pLwPStX/5IYHAD/TFuq+uCL3UUqc=
github.com/simonheimlicher/hugo-claris v0.0.0-20240123181615-2a16a66ec7d3/go.mod h1:tMV+kZlVSu714eEZbnRH6wCthEwgAv5X1V2Bimo8MAM=
github.com/simonheimlicher/hugo-claris v0.0.0-20240123223220-4428fdb31889 h1:VuGht9nGJvFOxKt9jPxlrPXjVfhsEw3MqCEFCTNtRAE=
github.com/simonheimlicher/hugo-claris v0.0.0-20240123223220-4428fdb31889/go.mod h1:tMV+kZlVSu714eEZbnRH6wCthEwgAv5X1V2Bimo8MAM=
github.com/simonheimlicher/hugo-claris v0.0.0-20240124083212-0601d30cf0dd h1:B647pHp8PDs3JoCoY5EiAOhRcQ1hFbECPHFo9zGtE8I=
github.com/simonheimlicher/hugo-claris v0.0.0-20240124083212-0601d30cf0dd/go.mod h1:tMV+kZlVSu714eEZbnRH6wCthEwgAv5X1V2Bimo8MAM=
github.com/simonheimlicher/hugo-claris v0.0.0-20240124152747-3b91a56d0266 h1:T4p7jewZ8xjN6t8+Q5LKCJSGi2sS96t9bPnC7GG5TJw=
github.com/simonheimlicher/hugo-claris v0.0.0-20240124152747-3b91a56d0266/go.mod h1:tMV+kZlVSu714eEZbnRH6wCthEwgAv5X1V2Bimo8MAM=
github.com/simonheimlicher/hugo-claris v0.0.0-20240124154953-c89dea3a6dfe h1:zyS7mW3UT8yXub0KEWXmTDXFspk61r8RgDJnwQ+88Kk=
github.com/simonheimlicher/hugo-claris v0.0.0-20240124154953-c89dea3a6dfe/go.mod h1:tMV+kZlVSu714eEZbnRH6wCthEwgAv5X1V2Bimo8MAM=
github.com/simonheimlicher/hugo-claris v0.0.0-20240124180931-57a93e587d1c h1:zcYJZZm5ZUojjWdJ9ABu96z4xQ7YHDkYOitDXb2wNG4=
github.com/simonheimlicher/hugo-claris v0.0.0-20240124180931-57a93e587d1c/go.mod h1:tMV+kZlVSu714eEZbnRH6wCthEwgAv5X1V2Bimo8MAM=
github.com/simonheimlicher/hugo-claris v0.0.0-20240124230242-2fc39ff53b9f h1:ez/VQQBL2sO1sOpicntTLLo/x9zBQj84jDCgsfTy/ag=
github.com/simonheimlicher/hugo-claris v0.0.0-20240124230242-2fc39ff53b9f/go.mod h1:tMV+kZlVSu714eEZbnRH6wCthEwgAv5X1V2Bimo8MAM=
github.com/simonheimlicher/hugo-claris v0.0.0-20240124232220-dcea87bc0c7f h1:JPxxZ6/d3vtZ0sUSu+WJj9zqhTXd5Yu1kuj33tMjyQc=
github.com/simonheimlicher/hugo-claris v0.0.0-20240124232220-dcea87bc0c7f/go.mod h1:tMV+kZlVSu714eEZbnRH6wCthEwgAv5X1V2Bimo8MAM=
github.com/simonheimlicher/hugo-claris v0.0.0-20240125011050-286cdfe04433 h1:myrxj3c+AnW9Mpo5IGyw+BMBoVrWAPVfV7CWUR+By14=
github.com/simonheimlicher/hugo-claris v0.0.0-20240125011050-286cdfe04433/go.mod h1:tMV+kZlVSu714eEZbnRH6wCthEwgAv5X1V2Bimo8MAM=
github.com/simonheimlicher/hugo-claris v0.0.0-20240125155746-88a461801fbe h1:EWziGyNX73psHiUODxVgcOqz5n+RoUX8VDWkmVHc2ZI=
github.com/simonheimlicher/hugo-claris v0.0.0-20240125155746-88a461801fbe/go.mod h1:tMV+kZlVSu714eEZbnRH6wCthEwgAv5X1V2Bimo8MAM=
github.com/simonheimlicher/hugo-claris v0.0.0-20240125213350-f4bb0e91ef0a h1:T5jrobVl++rhaIV0eFXpWubjhF2Szmx/TgKL9CPs68M=
github.com/simonheimlicher/hugo-claris v0.0.0-20240125213350-f4bb0e91ef0a/go.mod h1:tMV+kZlVSu714eEZbnRH6wCthEwgAv5X1V2Bimo8MAM=
github.com/simonheimlicher/hugo-claris v0.0.0-20240126214611-497274f715ab h1:NcAxoOiXsEjmvNxou/7kebdgU6YNroI1iTd6QiwQrYw=
github.com/simonheimlicher/hugo-claris v0.0.0-20240126214611-497274f715ab/go.mod h1:tMV+kZlVSu714eEZbnRH6wCthEwgAv5X1V2Bimo8MAM=
github.com/simonheimlicher/hugo-claris v0.0.0-20240126215905-34a5448d65d5 h1:PJ0K1wV4tJd3qbbK5aPJH400K3R0UKGcEhIojOJR3K8=
github.com/simonheimlicher/hugo-claris v0.0.0-20240126215905-34a5448d65d5/go.mod h1:tMV+kZlVSu714eEZbnRH6wCthEwgAv5X1V2Bimo8MAM=
github.com/simonheimlicher/hugo-claris v0.0.0-20240126224049-62d52b423a35 h1:mPGUETG5tsL6/Ukr/uthmH4AT15U28vKDwkMs/hRdSY=
github.com/simonheimlicher/hugo-claris v0.0.0-20240126224049-62d52b423a35/go.mod h1:tMV+kZlVSu714eEZbnRH6wCthEwgAv5X1V2Bimo8MAM=
github.com/simonheimlicher/hugo-claris v0.0.0-20240127183040-fea596163e30 h1:60aTmRdi09O+stqWFiiTGzteeXxWrvctL8b+FMgkpq4=
github.com/simonheimlicher/hugo-claris v0.0.0-20240127183040-fea596163e30/go.mod h1:tMV+kZlVSu714eEZbnRH6wCthEwgAv5X1V2Bimo8MAM=
github.com/simonheimlicher/hugo-claris v0.0.0-20240127222201-26c9fcd39e0d h1:YeVny9CXlFQjRQfFRLsMr9w18XVbw6GERC9k0kM0hUY=
github.com/simonheimlicher/hugo-claris v0.0.0-20240127222201-26c9fcd39e0d/go.mod h1:tMV+kZlVSu714eEZbnRH6wCthEwgAv5X1V2Bimo8MAM=
github.com/simonheimlicher/hugo-claris v0.0.0-20240201105346-f3bed8829296 h1:uzbj7jYHzcCsF0x2Vrt/WtdHhg9/3dIgK7nO8pqaUm8=
github.com/simonheimlicher/hugo-claris v0.0.0-20240201105346-f3bed8829296/go.mod h1:tMV+kZlVSu714eEZbnRH6wCthEwgAv5X1V2Bimo8MAM=
github.com/simonheimlicher/hugo-claris v0.0.0-20240201125850-9d4d6d1828c7 h1:RRKMoPD68HpG+PwIzw0AfXVLhWcA6BSD1v2WIBizF1U=
github.com/simonheimlicher/hugo-claris v0.0.0-20240201125850-9d4d6d1828c7/go.mod h1:tMV+kZlVSu714eEZbnRH6wCthEwgAv5X1V2Bimo8MAM=
github.com/simonheimlicher/hugo-claris v0.0.0-20240202151148-e50b50addb73 h1:TGR0SI2zB3waq27p2t3OZDf0ixSbfQRBLsDOPZaOyiE=
github.com/simonheimlicher/hugo-claris v0.0.0-20240202151148-e50b50addb73/go.mod h1:tMV+kZlVSu714eEZbnRH6wCthEwgAv5X1V2Bimo8MAM=
github.com/simonheimlicher/hugo-claris v0.0.0-20240224115715-e34bdea245e5 h1:Ou/fBzr37GRCHYRkEEQr4t29lcppkwTwYMYPUoLoYDU=
github.com/simonheimlicher/hugo-claris v0.0.0-20240224115715-e34bdea245e5/go.mod h1:jK4tvjWo4dgMUWH1WBvQ66Va/5lZ2AMxtRxfFxOG0lc=
github.com/simonheimlicher/hugo-claris v0.0.0-20240224171229-a4a4a3dcaa90 h1:MRuVPmhkzbhAejs/jzT1gb6N0P5X4WJ2L7YC/JG27Dc=
github.com/simonheimlicher/hugo-claris v0.0.0-20240224171229-a4a4a3dcaa90/go.mod h1:jK4tvjWo4dgMUWH1WBvQ66Va/5lZ2AMxtRxfFxOG0lc=
github.com/simonheimlicher/hugo-claris v0.0.0-20240224180331-1e45b7473f86 h1:OdhjYHmOkuwSoVpPELgCmHinM2xt8sIRIC/rsPoaprU=
github.com/simonheimlicher/hugo-claris v0.0.0-20240224180331-1e45b7473f86/go.mod h1:0qrOCnFE5x5OBh1Waj/RzvGzGZQSM1uwSQwrvACS4HU=
github.com/simonheimlicher/hugo-claris v0.0.0-20250210075402-0d57e441baf4 h1:nOUokYJN4dl7sq5UN1/M+8eJWsJtxdwbzaWSUIJIm4g=
github.com/simonheimlicher/hugo-claris v0.0.0-20250210075402-0d57e441baf4/go.mod h1:TjYfyM6YGGQFREqn071EtlEOfYPXiKpTvAqmgi2SYbQ=
github.com/simonheimlicher/hugo-claris v0.0.0-20250211123617-9273b41594d3 h1:lU6hOfm+P4yDTT9sFoWEeU9dYEUVFOavDN7jKcYNfJg=
github.com/simonheimlicher/hugo-claris v0.0.0-20250211123617-9273b41594d3/go.mod h1:TjYfyM6YGGQFREqn071EtlEOfYPXiKpTvAqmgi2SYbQ=
github.com/simonheimlicher/hugo-fontawesome v0.0.0-20230505144855-e222036fac11 h1:+6++XXZzSLlAW1b/7SCPsk/kDVK6Fa1VxXHkGg2fa3M=
github.com/simonheimlicher/hugo-fontawesome v0.0.0-20230505144855-e222036fac11/go.mod h1:3926BFEd0hIwpvs6to4wYm9XMlOuBTTCfSDI1An3JRs=
github.com/simonheimlicher/hugo-fontawesome v0.0.0-20230505145305-a0afa1d13cf7 h1:qk6Ed7UcaLLv9vIWdMYk8jGN0uRzeGM8x7MWXVxGg28=
github.com/simonheimlicher/hugo-fontawesome v0.0.0-20230505145305-a0afa1d13cf7/go.mod h1:Lghym5N3q3qMVDQoK471AXsftAR6Minvs0cuWTu1S14=
